// !$*UTF8*$!
{
	archiveVersion = 1;
	classes = {
	};
	objectVersion = 46;
	objects = {

/* Begin PBXBuildFile section */
		9F2921BF1DEA4A070043EE66 /* StoryboardViewController.swift in Sources */ = {isa = PBXBuildFile; fileRef = 9F2921BE1DEA4A070043EE66 /* StoryboardViewController.swift */; };
		9F2CF3771DB4606E00CA06FC /* AppDelegate.swift in Sources */ = {isa = PBXBuildFile; fileRef = 9F2CF3761DB4606E00CA06FC /* AppDelegate.swift */; };
		9F2CF3791DB4606E00CA06FC /* CodeViewController.swift in Sources */ = {isa = PBXBuildFile; fileRef = 9F2CF3781DB4606E00CA06FC /* CodeViewController.swift */; };
		9F2CF37C1DB4606E00CA06FC /* Main.storyboard in Resources */ = {isa = PBXBuildFile; fileRef = 9F2CF37A1DB4606E00CA06FC /* Main.storyboard */; };
		9F2CF37E1DB4606E00CA06FC /* Assets.xcassets in Resources */ = {isa = PBXBuildFile; fileRef = 9F2CF37D1DB4606E00CA06FC /* Assets.xcassets */; };
		9F2CF3811DB4606E00CA06FC /* LaunchScreen.storyboard in Resources */ = {isa = PBXBuildFile; fileRef = 9F2CF37F1DB4606E00CA06FC /* LaunchScreen.storyboard */; };
		9F65C8FE1DB460AE00EA89E9 /* SVUploader.swift in Sources */ = {isa = PBXBuildFile; fileRef = 9F65C8FD1DB460AE00EA89E9 /* SVUploader.swift */; };
/* End PBXBuildFile section */

/* Begin PBXFileReference section */
		9F2921BE1DEA4A070043EE66 /* StoryboardViewController.swift */ = {isa = PBXFileReference; fileEncoding = 4; lastKnownFileType = sourcecode.swift; path = StoryboardViewController.swift; sourceTree = "<group>"; };
		9F2CF3731DB4606E00CA06FC /* SVUploader.app */ = {isa = PBXFileReference; explicitFileType = wrapper.application; includeInIndex = 0; path = SVUploader.app; sourceTree = BUILT_PRODUCTS_DIR; };
		9F2CF3761DB4606E00CA06FC /* AppDelegate.swift */ = {isa = PBXFileReference; lastKnownFileType = sourcecode.swift; path = AppDelegate.swift; sourceTree = "<group>"; };
		9F2CF3781DB4606E00CA06FC /* CodeViewController.swift */ = {isa = PBXFileReference; lastKnownFileType = sourcecode.swift; path = CodeViewController.swift; sourceTree = "<group>"; };
		9F2CF37B1DB4606E00CA06FC /* Base */ = {isa = PBXFileReference; lastKnownFileType = file.storyboard; name = Base; path = Base.lproj/Main.storyboard; sourceTree = "<group>"; };
		9F2CF37D1DB4606E00CA06FC /* Assets.xcassets */ = {isa = PBXFileReference; lastKnownFileType = folder.assetcatalog; path = Assets.xcassets; sourceTree = "<group>"; };
		9F2CF3801DB4606E00CA06FC /* Base */ = {isa = PBXFileReference; lastKnownFileType = file.storyboard; name = Base; path = Base.lproj/LaunchScreen.storyboard; sourceTree = "<group>"; };
		9F2CF3821DB4606E00CA06FC /* Info.plist */ = {isa = PBXFileReference; lastKnownFileType = text.plist.xml; path = Info.plist; sourceTree = "<group>"; };
		9F65C8FD1DB460AE00EA89E9 /* SVUploader.swift */ = {isa = PBXFileReference; fileEncoding = 4; lastKnownFileType = sourcecode.swift; path = SVUploader.swift; sourceTree = "<group>"; };
		9FE588711DB4A5EC00783E15 /* SVUploader-Bridging-Header.h */ = {isa = PBXFileReference; lastKnownFileType = sourcecode.c.h; path = "SVUploader-Bridging-Header.h"; sourceTree = "<group>"; };
/* End PBXFileReference section */

/* Begin PBXFrameworksBuildPhase section */
		9F2CF3701DB4606E00CA06FC /* Frameworks */ = {
			isa = PBXFrameworksBuildPhase;
			buildActionMask = 2147483647;
			files = (
			);
			runOnlyForDeploymentPostprocessing = 0;
		};
/* End PBXFrameworksBuildPhase section */

/* Begin PBXGroup section */
		9F2CF36A1DB4606E00CA06FC = {
			isa = PBXGroup;
			children = (
				9F2CF3751DB4606E00CA06FC /* SVUploader */,
				9F2CF3741DB4606E00CA06FC /* Products */,
			);
			sourceTree = "<group>";
		};
		9F2CF3741DB4606E00CA06FC /* Products */ = {
			isa = PBXGroup;
			children = (
				9F2CF3731DB4606E00CA06FC /* SVUploader.app */,
			);
			name = Products;
			sourceTree = "<group>";
		};
		9F2CF3751DB4606E00CA06FC /* SVUploader */ = {
			isa = PBXGroup;
			children = (
				9F2CF3761DB4606E00CA06FC /* AppDelegate.swift */,
				9F2CF3781DB4606E00CA06FC /* CodeViewController.swift */,
				9F2921BE1DEA4A070043EE66 /* StoryboardViewController.swift */,
				9F65C8FD1DB460AE00EA89E9 /* SVUploader.swift */,
				9F2CF37A1DB4606E00CA06FC /* Main.storyboard */,
				9F2CF37D1DB4606E00CA06FC /* Assets.xcassets */,
				9F2CF37F1DB4606E00CA06FC /* LaunchScreen.storyboard */,
				9F2CF3821DB4606E00CA06FC /* Info.plist */,
				9FE588711DB4A5EC00783E15 /* SVUploader-Bridging-Header.h */,
			);
			path = SVUploader;
			sourceTree = "<group>";
		};
/* End PBXGroup section */

/* Begin PBXNativeTarget section */
		9F2CF3721DB4606E00CA06FC /* SVUploader */ = {
			isa = PBXNativeTarget;
			buildConfigurationList = 9F2CF3851DB4606E00CA06FC /* Build configuration list for PBXNativeTarget "SVUploader" */;
			buildPhases = (
				9F2CF36F1DB4606E00CA06FC /* Sources */,
				9F2CF3701DB4606E00CA06FC /* Frameworks */,
				9F2CF3711DB4606E00CA06FC /* Resources */,
			);
			buildRules = (
			);
			dependencies = (
			);
			name = SVUploader;
			productName = SVUploader;
			productReference = 9F2CF3731DB4606E00CA06FC /* SVUploader.app */;
			productType = "com.apple.product-type.application";
		};
/* End PBXNativeTarget section */

/* Begin PBXProject section */
		9F2CF36B1DB4606E00CA06FC /* Project object */ = {
			isa = PBXProject;
			attributes = {
				LastSwiftUpdateCheck = 0800;
				LastUpgradeCheck = 0900;
				ORGANIZATIONNAME = Kiran;
				TargetAttributes = {
					9F2CF3721DB4606E00CA06FC = {
						CreatedOnToolsVersion = 8.0;
						DevelopmentTeam = Y9Y96CV7VP;
						LastSwiftMigration = 0900;
						ProvisioningStyle = Automatic;
					};
				};
			};
			buildConfigurationList = 9F2CF36E1DB4606E00CA06FC /* Build configuration list for PBXProject "SVUploader" */;
			compatibilityVersion = "Xcode 3.2";
			developmentRegion = English;
			hasScannedForEncodings = 0;
			knownRegions = (
				en,
				Base,
			);
			mainGroup = 9F2CF36A1DB4606E00CA06FC;
			productRefGroup = 9F2CF3741DB4606E00CA06FC /* Products */;
			projectDirPath = "";
			projectRoot = "";
			targets = (
				9F2CF3721DB4606E00CA06FC /* SVUploader */,
			);
		};
/* End PBXProject section */

/* Begin PBXResourcesBuildPhase section */
		9F2CF3711DB4606E00CA06FC /* Resources */ = {
			isa = PBXResourcesBuildPhase;
			buildActionMask = 2147483647;
			files = (
				9F2CF3811DB4606E00CA06FC /* LaunchScreen.storyboard in Resources */,
				9F2CF37E1DB4606E00CA06FC /* Assets.xcassets in Resources */,
				9F2CF37C1DB4606E00CA06FC /* Main.storyboard in Resources */,
			);
			runOnlyForDeploymentPostprocessing = 0;
		};
/* End PBXResourcesBuildPhase section */

/* Begin PBXSourcesBuildPhase section */
		9F2CF36F1DB4606E00CA06FC /* Sources */ = {
			isa = PBXSourcesBuildPhase;
			buildActionMask = 2147483647;
			files = (
				9F65C8FE1DB460AE00EA89E9 /* SVUploader.swift in Sources */,
				9F2921BF1DEA4A070043EE66 /* StoryboardViewController.swift in Sources */,
				9F2CF3791DB4606E00CA06FC /* CodeViewController.swift in Sources */,
				9F2CF3771DB4606E00CA06FC /* AppDelegate.swift in Sources */,
			);
			runOnlyForDeploymentPostprocessing = 0;
		};
/* End PBXSourcesBuildPhase section */

/* Begin PBXVariantGroup section */
		9F2CF37A1DB4606E00CA06FC /* Main.storyboard */ = {
			isa = PBXVariantGroup;
			children = (
				9F2CF37B1DB4606E00CA06FC /* Base */,
			);
			name = Main.storyboard;
			sourceTree = "<group>";
		};
		9F2CF37F1DB4606E00CA06FC /* LaunchScreen.storyboard */ = {
			isa = PBXVariantGroup;
			children = (
				9F2CF3801DB4606E00CA06FC /* Base */,
			);
			name = LaunchScreen.storyboard;
			sourceTree = "<group>";
		};
/* End PBXVariantGroup section */

/* Begin XCBuildConfiguration section */
		9F2CF3831DB4606E00CA06FC /* Debug */ = {
			isa = XCBuildConfiguration;
			buildSettings = {
				ALWAYS_SEARCH_USER_PATHS = NO;
				CLANG_ANALYZER_NONNULL = YES;
				CLANG_CXX_LANGUAGE_STANDARD = "gnu++0x";
				CLANG_CXX_LIBRARY = "libc++";
				CLANG_ENABLE_MODULES = YES;
				CLANG_ENABLE_OBJC_ARC = YES;
				CLANG_WARN_BLOCK_CAPTURE_AUTORELEASING = YES;
				CLANG_WARN_BOOL_CONVERSION = YES;
				CLANG_WARN_COMMA = YES;
				CLANG_WARN_CONSTANT_CONVERSION = YES;
				CLANG_WARN_DIRECT_OBJC_ISA_USAGE = YES_ERROR;
				CLANG_WARN_DOCUMENTATION_COMMENTS = YES;
				CLANG_WARN_EMPTY_BODY = YES;
				CLANG_WARN_ENUM_CONVERSION = YES;
				CLANG_WARN_INFINITE_RECURSION = YES;
				CLANG_WARN_INT_CONVERSION = YES;
				CLANG_WARN_NON_LITERAL_NULL_CONVERSION = YES;
				CLANG_WARN_OBJC_LITERAL_CONVERSION = YES;
				CLANG_WARN_OBJC_ROOT_CLASS = YES_ERROR;
				CLANG_WARN_RANGE_LOOP_ANALYSIS = YES;
				CLANG_WARN_STRICT_PROTOTYPES = YES;
				CLANG_WARN_SUSPICIOUS_MOVE = YES;
				CLANG_WARN_SUSPICIOUS_MOVES = YES;
				CLANG_WARN_UNREACHABLE_CODE = YES;
				CLANG_WARN__DUPLICATE_METHOD_MATCH = YES;
				"CODE_SIGN_IDENTITY[sdk=iphoneos*]" = "iPhone Developer";
				COPY_PHASE_STRIP = NO;
				DEBUG_INFORMATION_FORMAT = dwarf;
				ENABLE_STRICT_OBJC_MSGSEND = YES;
				ENABLE_TESTABILITY = YES;
				GCC_C_LANGUAGE_STANDARD = gnu99;
				GCC_DYNAMIC_NO_PIC = NO;
				GCC_NO_COMMON_BLOCKS = YES;
				GCC_OPTIMIZATION_LEVEL = 0;
				GCC_PREPROCESSOR_DEFINITIONS = (
					"DEBUG=1",
					"$(inherited)",
				);
				GCC_WARN_64_TO_32_BIT_CONVERSION = YES;
				GCC_WARN_ABOUT_RETURN_TYPE = YES_ERROR;
				GCC_WARN_UNDECLARED_SELECTOR = YES;
				GCC_WARN_UNINITIALIZED_AUTOS = YES_AGGRESSIVE;
				GCC_WARN_UNUSED_FUNCTION = YES;
				GCC_WARN_UNUSED_VARIABLE = YES;
				IPHONEOS_DEPLOYMENT_TARGET = 10.0;
				MTL_ENABLE_DEBUG_INFO = YES;
				ONLY_ACTIVE_ARCH = YES;
				SDKROOT = iphoneos;
				SWIFT_ACTIVE_COMPILATION_CONDITIONS = DEBUG;
				SWIFT_OPTIMIZATION_LEVEL = "-Onone";
				TARGETED_DEVICE_FAMILY = "1,2";
			};
			name = Debug;
		};
		9F2CF3841DB4606E00CA06FC /* Release */ = {
			isa = XCBuildConfiguration;
			buildSettings = {
				ALWAYS_SEARCH_USER_PATHS = NO;
				CLANG_ANALYZER_NONNULL = YES;
				CLANG_CXX_LANGUAGE_STANDARD = "gnu++0x";
				CLANG_CXX_LIBRARY = "libc++";
				CLANG_ENABLE_MODULES = YES;
				CLANG_ENABLE_OBJC_ARC = YES;
				CLANG_WARN_BLOCK_CAPTURE_AUTORELEASING = YES;
				CLANG_WARN_BOOL_CONVERSION = YES;
				CLANG_WARN_COMMA = YES;
				CLANG_WARN_CONSTANT_CONVERSION = YES;
				CLANG_WARN_DIRECT_OBJC_ISA_USAGE = YES_ERROR;
				CLANG_WARN_DOCUMENTATION_COMMENTS = YES;
				CLANG_WARN_EMPTY_BODY = YES;
				CLANG_WARN_ENUM_CONVERSION = YES;
				CLANG_WARN_INFINITE_RECURSION = YES;
				CLANG_WARN_INT_CONVERSION = YES;
				CLANG_WARN_NON_LITERAL_NULL_CONVERSION = YES;
				CLANG_WARN_OBJC_LITERAL_CONVERSION = YES;
				CLANG_WARN_OBJC_ROOT_CLASS = YES_ERROR;
				CLANG_WARN_RANGE_LOOP_ANALYSIS = YES;
				CLANG_WARN_STRICT_PROTOTYPES = YES;
				CLANG_WARN_SUSPICIOUS_MOVE = YES;
				CLANG_WARN_SUSPICIOUS_MOVES = YES;
				CLANG_WARN_UNREACHABLE_CODE = YES;
				CLANG_WARN__DUPLICATE_METHOD_MATCH = YES;
				"CODE_SIGN_IDENTITY[sdk=iphoneos*]" = "iPhone Developer";
				COPY_PHASE_STRIP = NO;
				DEBUG_INFORMATION_FORMAT = "dwarf-with-dsym";
				ENABLE_NS_ASSERTIONS = NO;
				ENABLE_STRICT_OBJC_MSGSEND = YES;
				GCC_C_LANGUAGE_STANDARD = gnu99;
				GCC_NO_COMMON_BLOCKS = YES;
				GCC_WARN_64_TO_32_BIT_CONVERSION = YES;
				GCC_WARN_ABOUT_RETURN_TYPE = YES_ERROR;
				GCC_WARN_UNDECLARED_SELECTOR = YES;
				GCC_WARN_UNINITIALIZED_AUTOS = YES_AGGRESSIVE;
				GCC_WARN_UNUSED_FUNCTION = YES;
				GCC_WARN_UNUSED_VARIABLE = YES;
				IPHONEOS_DEPLOYMENT_TARGET = 10.0;
				MTL_ENABLE_DEBUG_INFO = NO;
				SDKROOT = iphoneos;
				SWIFT_OPTIMIZATION_LEVEL = "-Owholemodule";
				TARGETED_DEVICE_FAMILY = "1,2";
				VALIDATE_PRODUCT = YES;
			};
			name = Release;
		};
		9F2CF3861DB4606E00CA06FC /* Debug */ = {
			isa = XCBuildConfiguration;
			buildSettings = {
				ASSETCATALOG_COMPILER_APPICON_NAME = AppIcon;
				CLANG_ENABLE_MODULES = YES;
				DEVELOPMENT_TEAM = Y9Y96CV7VP;
				INFOPLIST_FILE = SVUploader/Info.plist;
				IPHONEOS_DEPLOYMENT_TARGET = 9.0;
				LD_RUNPATH_SEARCH_PATHS = "$(inherited) @executable_path/Frameworks";
				PRODUCT_BUNDLE_IDENTIFIER = self.edu.SVUploader;
				PRODUCT_NAME = "$(TARGET_NAME)";
				SWIFT_OBJC_BRIDGING_HEADER = "SVUploader/SVUploader-Bridging-Header.h";
				SWIFT_OPTIMIZATION_LEVEL = "-Onone";
				SWIFT_SWIFT3_OBJC_INFERENCE = On;
				SWIFT_VERSION = 4.0;
			};
			name = Debug;
		};
		9F2CF3871DB4606E00CA06FC /* Release */ = {
			isa = XCBuildConfiguration;
			buildSettings = {
				ASSETCATALOG_COMPILER_APPICON_NAME = AppIcon;
				CLANG_ENABLE_MODULES = YES;
				DEVELOPMENT_TEAM = Y9Y96CV7VP;
				INFOPLIST_FILE = SVUploader/Info.plist;
				IPHONEOS_DEPLOYMENT_TARGET = 9.0;
				LD_RUNPATH_SEARCH_PATHS = "$(inherited) @executable_path/Frameworks";
				PRODUCT_BUNDLE_IDENTIFIER = self.edu.SVUploader;
				PRODUCT_NAME = "$(TARGET_NAME)";
				SWIFT_OBJC_BRIDGING_HEADER = "SVUploader/SVUploader-Bridging-Header.h";
				SWIFT_SWIFT3_OBJC_INFERENCE = On;
				SWIFT_VERSION = 4.0;
			};
			name = Release;
		};
/* End XCBuildConfiguration section */

/* Begin XCConfigurationList section */
		9F2CF36E1DB4606E00CA06FC /* Build configuration list for PBXProject "SVUploader" */ = {
			isa = XCConfigurationList;
			buildConfigurations = (
				9F2CF3831DB4606E00CA06FC /* Debug */,
				9F2CF3841DB4606E00CA06FC /* Release */,
			);
			defaultConfigurationIsVisible = 0;
			defaultConfigurationName = Release;
		};
		9F2CF3851DB4606E00CA06FC /* Build configuration list for PBXNativeTarget "SVUploader" */ = {
			isa = XCConfigurationList;
			buildConfigurations = (
				9F2CF3861DB4606E00CA06FC /* Debug */,
				9F2CF3871DB4606E00CA06FC /* Release */,
			);
			defaultConfigurationIsVisible = 0;
			defaultConfigurationName = Release;
		};
/* End XCConfigurationList section */
	};
	rootObject = 9F2CF36B1DB4606E00CA06FC /* Project object */;
}
